
Microsoft Visual Studio Solution File, Format Version 12.00
# Visual Studio Version 17
VisualStudioVersion = 17.3.32819.101
MinimumVisualStudioVersion = 10.0.40219.1
Project("{54A90642-561A-4BB1-A94E-469ADEE60C69}") = "FinanceTracker", "FinanceTracker.esproj", "{36CD7B7C-07B0-47D6-B8DE-E2CDCEDAD649}"
EndProject
Global
	GlobalSection(SolutionConfigurationPlatforms) = preSolution
		Debug|Any CPU = Debug|Any CPU
		Release|Any CPU = Release|Any CPU
	EndGlobalSection
	GlobalSection(ProjectConfigurationPlatforms) = postSolution
		{36CD7B7C-07B0-47D6-B8DE-E2CDCEDAD649}.Debug|Any CPU.ActiveCfg = Debug|Any CPU
		{36CD7B7C-07B0-47D6-B8DE-E2CDCEDAD649}.Debug|Any CPU.Build.0 = Debug|Any CPU
		{36CD7B7C-07B0-47D6-B8DE-E2CDCEDAD649}.Debug|Any CPU.Deploy.0 = Debug|Any CPU
		{36CD7B7C-07B0-47D6-B8DE-E2CDCEDAD649}.Release|Any CPU.ActiveCfg = Release|Any CPU
		{36CD7B7C-07B0-47D6-B8DE-E2CDCEDAD649}.Release|Any CPU.Build.0 = Release|Any CPU
		{36CD7B7C-07B0-47D6-B8DE-E2CDCEDAD649}.Release|Any CPU.Deploy.0 = Release|Any CPU
	EndGlobalSection
	GlobalSection(SolutionProperties) = preSolution
		HideSolutionNode = FALSE
	EndGlobalSection
	GlobalSection(ExtensibilityGlobals) = postSolution
		SolutionGuid = {C9531FB2-456C-4F70-9979-B580778C5E7B}
	EndGlobalSection
EndGlobal
